
Microsoft Visual Studio Solution File, Format Version 12.00
# Visual Studio Version 17
VisualStudioVersion = 17.3.32922.545
MinimumVisualStudioVersion = 10.0.40219.1
Project("{9A19103F-16F7-4668-BE54-9A1E7A4F7556}") = "Core", "Core.csproj", "{3E7DAA82-3F13-4238-B7FD-8CBD98F9FD79}"
EndProject
Project("{9A19103F-16F7-4668-BE54-9A1E7A4F7556}") = "Data", "..\Data\Data.csproj", "{C7D9A23C-5089-45E2-93B1-7590CA66CF6B}"
EndProject
Project("{9A19103F-16F7-4668-BE54-9A1E7A4F7556}") = "Logic", "..\Logic\Logic.csproj", "{04C5730B-653F-4924-9C68-175E0A7C3EC8}"
EndProject
Project("{9A19103F-16F7-4668-BE54-9A1E7A4F7556}") = "Tests", "..\stsmBackTest\Tests.csproj", "{ED34F3EB-B51F-4CA3-A8AE-7297829815DD}"
EndProject
Global
	GlobalSection(SolutionConfigurationPlatforms) = preSolution
		Debug|Any CPU = Debug|Any CPU
		Release|Any CPU = Release|Any CPU
	EndGlobalSection
	GlobalSection(ProjectConfigurationPlatforms) = postSolution
		{3E7DAA82-3F13-4238-B7FD-8CBD98F9FD79}.Debug|Any CPU.ActiveCfg = Debug|Any CPU
		{3E7DAA82-3F13-4238-B7FD-8CBD98F9FD79}.Debug|Any CPU.Build.0 = Debug|Any CPU
		{3E7DAA82-3F13-4238-B7FD-8CBD98F9FD79}.Release|Any CPU.ActiveCfg = Release|Any CPU
		{3E7DAA82-3F13-4238-B7FD-8CBD98F9FD79}.Release|Any CPU.Build.0 = Release|Any CPU
		{C7D9A23C-5089-45E2-93B1-7590CA66CF6B}.Debug|Any CPU.ActiveCfg = Debug|Any CPU
		{C7D9A23C-5089-45E2-93B1-7590CA66CF6B}.Debug|Any CPU.Build.0 = Debug|Any CPU
		{C7D9A23C-5089-45E2-93B1-7590CA66CF6B}.Release|Any CPU.ActiveCfg = Release|Any CPU
		{C7D9A23C-5089-45E2-93B1-7590CA66CF6B}.Release|Any CPU.Build.0 = Release|Any CPU
		{04C5730B-653F-4924-9C68-175E0A7C3EC8}.Debug|Any CPU.ActiveCfg = Debug|Any CPU
		{04C5730B-653F-4924-9C68-175E0A7C3EC8}.Debug|Any CPU.Build.0 = Debug|Any CPU
		{04C5730B-653F-4924-9C68-175E0A7C3EC8}.Release|Any CPU.ActiveCfg = Release|Any CPU
		{04C5730B-653F-4924-9C68-175E0A7C3EC8}.Release|Any CPU.Build.0 = Release|Any CPU
		{ED34F3EB-B51F-4CA3-A8AE-7297829815DD}.Debug|Any CPU.ActiveCfg = Debug|Any CPU
		{ED34F3EB-B51F-4CA3-A8AE-7297829815DD}.Debug|Any CPU.Build.0 = Debug|Any CPU
		{ED34F3EB-B51F-4CA3-A8AE-7297829815DD}.Release|Any CPU.ActiveCfg = Release|Any CPU
		{ED34F3EB-B51F-4CA3-A8AE-7297829815DD}.Release|Any CPU.Build.0 = Release|Any CPU
	EndGlobalSection
	GlobalSection(SolutionProperties) = preSolution
		HideSolutionNode = FALSE
	EndGlobalSection
	GlobalSection(ExtensibilityGlobals) = postSolution
		SolutionGuid = {77B146EE-1CB9-4476-AAA8-AC7E2FE7B3B9}
	EndGlobalSection
EndGlobal
